
Microsoft Visual Studio Solution File, Format Version 12.00
# Visual Studio Version 17
VisualStudioVersion = 17.9.34616.47
MinimumVisualStudioVersion = 10.0.40219.1
Project("{8BC9CEB8-8B4A-11D0-8D11-00A0C91BC942}") = "Prak3Pemoraman", "Prak3Pemoraman\Prak3Pemoraman.vcxproj", "{715096DE-ABC9-46C0-96CC-E7ED9230D6EF}"
EndProject
Project("{8BC9CEB8-8B4A-11D0-8D11-00A0C91BC942}") = "Part2", "Part2\Part2.vcxproj", "{AB974429-62AB-4A05-9E0A-C39BF046B515}"
EndProject
Project("{8BC9CEB8-8B4A-11D0-8D11-00A0C91BC942}") = "PART3", "PART3\PART3.vcxproj", "{64A0E0AE-370B-4B48-862B-8DAB0DEBD60D}"
EndProject
Project("{8BC9CEB8-8B4A-11D0-8D11-00A0C91BC942}") = "part4", "part4\part4.vcxproj", "{687AE683-463C-4F84-8A30-2D2C1EA845DD}"
EndProject
Global
	GlobalSection(SolutionConfigurationPlatforms) = preSolution
		Debug|x64 = Debug|x64
		Debug|x86 = Debug|x86
		Release|x64 = Release|x64
		Release|x86 = Release|x86
	EndGlobalSection
	GlobalSection(ProjectConfigurationPlatforms) = postSolution
		{715096DE-ABC9-46C0-96CC-E7ED9230D6EF}.Debug|x64.ActiveCfg = Debug|x64
		{715096DE-ABC9-46C0-96CC-E7ED9230D6EF}.Debug|x64.Build.0 = Debug|x64
		{715096DE-ABC9-46C0-96CC-E7ED9230D6EF}.Debug|x86.ActiveCfg = Debug|Win32
		{715096DE-ABC9-46C0-96CC-E7ED9230D6EF}.Debug|x86.Build.0 = Debug|Win32
		{715096DE-ABC9-46C0-96CC-E7ED9230D6EF}.Release|x64.ActiveCfg = Release|x64
		{715096DE-ABC9-46C0-96CC-E7ED9230D6EF}.Release|x64.Build.0 = Release|x64
		{715096DE-ABC9-46C0-96CC-E7ED9230D6EF}.Release|x86.ActiveCfg = Release|Win32
		{715096DE-ABC9-46C0-96CC-E7ED9230D6EF}.Release|x86.Build.0 = Release|Win32
		{AB974429-62AB-4A05-9E0A-C39BF046B515}.Debug|x64.ActiveCfg = Debug|x64
		{AB974429-62AB-4A05-9E0A-C39BF046B515}.Debug|x64.Build.0 = Debug|x64
		{AB974429-62AB-4A05-9E0A-C39BF046B515}.Debug|x86.ActiveCfg = Debug|Win32
		{AB974429-62AB-4A05-9E0A-C39BF046B515}.Debug|x86.Build.0 = Debug|Win32
		{AB974429-62AB-4A05-9E0A-C39BF046B515}.Release|x64.ActiveCfg = Release|x64
		{AB974429-62AB-4A05-9E0A-C39BF046B515}.Release|x64.Build.0 = Release|x64
		{AB974429-62AB-4A05-9E0A-C39BF046B515}.Release|x86.ActiveCfg = Release|Win32
		{AB974429-62AB-4A05-9E0A-C39BF046B515}.Release|x86.Build.0 = Release|Win32
		{64A0E0AE-370B-4B48-862B-8DAB0DEBD60D}.Debug|x64.ActiveCfg = Debug|x64
		{64A0E0AE-370B-4B48-862B-8DAB0DEBD60D}.Debug|x64.Build.0 = Debug|x64
		{64A0E0AE-370B-4B48-862B-8DAB0DEBD60D}.Debug|x86.ActiveCfg = Debug|Win32
		{64A0E0AE-370B-4B48-862B-8DAB0DEBD60D}.Debug|x86.Build.0 = Debug|Win32
		{64A0E0AE-370B-4B48-862B-8DAB0DEBD60D}.Release|x64.ActiveCfg = Release|x64
		{64A0E0AE-370B-4B48-862B-8DAB0DEBD60D}.Release|x64.Build.0 = Release|x64
		{64A0E0AE-370B-4B48-862B-8DAB0DEBD60D}.Release|x86.ActiveCfg = Release|Win32
		{64A0E0AE-370B-4B48-862B-8DAB0DEBD60D}.Release|x86.Build.0 = Release|Win32
		{687AE683-463C-4F84-8A30-2D2C1EA845DD}.Debug|x64.ActiveCfg = Debug|x64
		{687AE683-463C-4F84-8A30-2D2C1EA845DD}.Debug|x64.Build.0 = Debug|x64
		{687AE683-463C-4F84-8A30-2D2C1EA845DD}.Debug|x86.ActiveCfg = Debug|Win32
		{687AE683-463C-4F84-8A30-2D2C1EA845DD}.Debug|x86.Build.0 = Debug|Win32
		{687AE683-463C-4F84-8A30-2D2C1EA845DD}.Release|x64.ActiveCfg = Release|x64
		{687AE683-463C-4F84-8A30-2D2C1EA845DD}.Release|x64.Build.0 = Release|x64
		{687AE683-463C-4F84-8A30-2D2C1EA845DD}.Release|x86.ActiveCfg = Release|Win32
		{687AE683-463C-4F84-8A30-2D2C1EA845DD}.Release|x86.Build.0 = Release|Win32
	EndGlobalSection
	GlobalSection(SolutionProperties) = preSolution
		HideSolutionNode = FALSE
	EndGlobalSection
	GlobalSection(ExtensibilityGlobals) = postSolution
		SolutionGuid = {F4A315B6-CA8B-47BE-8399-CC0221FDB06A}
	EndGlobalSection
EndGlobal
